// !$*UTF8*$!
{
	archiveVersion = 1;
	classes = {
	};
	objectVersion = 56;
	objects = {

/* Begin PBXBuildFile section */
		2D48EF912AF9939C00968F67 /* SearchBarView.swift in Sources */ = {isa = PBXBuildFile; fileRef = 2D48EF902AF9939C00968F67 /* SearchBarView.swift */; };
		2D48EF932AF9D0E200968F67 /* AssetThumbnailViewGrid.swift in Sources */ = {isa = PBXBuildFile; fileRef = 2D48EF922AF9D0E200968F67 /* AssetThumbnailViewGrid.swift */; };
		2D48EF9D2AFC107B00968F67 /* DocumentDetailsView.swift in Sources */ = {isa = PBXBuildFile; fileRef = 2D48EF9C2AFC107B00968F67 /* DocumentDetailsView.swift */; };
		2D48EF9F2AFC21CE00968F67 /* FormatBytes.swift in Sources */ = {isa = PBXBuildFile; fileRef = 2D48EF9E2AFC21CE00968F67 /* FormatBytes.swift */; };
		2D72D0E02AF414ED00C9208E /* SearchView.swift in Sources */ = {isa = PBXBuildFile; fileRef = 2D72D0DF2AF414ED00C9208E /* SearchView.swift */; };
		AB53ABC92B01835C00C97CB4 /* LoginPage.swift in Sources */ = {isa = PBXBuildFile; fileRef = AB53ABC82B01835C00C97CB4 /* LoginPage.swift */; };
		ABBB0F802AF2E3A400CD812B /* PDFSwiftUIView.swift in Sources */ = {isa = PBXBuildFile; fileRef = ABBB0F7F2AF2E3A400CD812B /* PDFSwiftUIView.swift */; };
		ABBB0F822AF2E4B300CD812B /* Sample.pdf in Resources */ = {isa = PBXBuildFile; fileRef = ABBB0F812AF2E4B300CD812B /* Sample.pdf */; };
		ABBB0F852AF3254A00CD812B /* UserDefaultAccess.swift in Sources */ = {isa = PBXBuildFile; fileRef = ABBB0F842AF3254A00CD812B /* UserDefaultAccess.swift */; };
		ABBB0F872AFC79C600CD812B /* FileAccess.swift in Sources */ = {isa = PBXBuildFile; fileRef = ABBB0F862AFC79C600CD812B /* FileAccess.swift */; };
		C28274912AFC9B8200C6A9DD /* FileBrowserMode.swift in Sources */ = {isa = PBXBuildFile; fileRef = C28274902AFC9B8200C6A9DD /* FileBrowserMode.swift */; };
		C28274932AFD4A2E00C6A9DD /* FormatUtils.swift in Sources */ = {isa = PBXBuildFile; fileRef = C28274922AFD4A2E00C6A9DD /* FormatUtils.swift */; };
		C28274952AFD530D00C6A9DD /* SearchFilter.swift in Sources */ = {isa = PBXBuildFile; fileRef = C28274942AFD530D00C6A9DD /* SearchFilter.swift */; };
		C28274972AFDD34F00C6A9DD /* AssetThumbnailViewRow.swift in Sources */ = {isa = PBXBuildFile; fileRef = C28274962AFDD34F00C6A9DD /* AssetThumbnailViewRow.swift */; };
		C28A0B9C2AE5FB0C008258C8 /* AssetMgmtApp.swift in Sources */ = {isa = PBXBuildFile; fileRef = C28A0B9B2AE5FB0C008258C8 /* AssetMgmtApp.swift */; };
		C28A0BA02AE5FB0D008258C8 /* Assets.xcassets in Resources */ = {isa = PBXBuildFile; fileRef = C28A0B9F2AE5FB0D008258C8 /* Assets.xcassets */; };
		C28A0BA32AE5FB0D008258C8 /* Preview Assets.xcassets in Resources */ = {isa = PBXBuildFile; fileRef = C28A0BA22AE5FB0D008258C8 /* Preview Assets.xcassets */; };
		C28A0BAD2AE5FB0D008258C8 /* AssetMgmtTests.swift in Sources */ = {isa = PBXBuildFile; fileRef = C28A0BAC2AE5FB0D008258C8 /* AssetMgmtTests.swift */; };
		C28A0BB72AE5FB0D008258C8 /* AssetMgmtUITests.swift in Sources */ = {isa = PBXBuildFile; fileRef = C28A0BB62AE5FB0D008258C8 /* AssetMgmtUITests.swift */; };
		C28A0BB92AE5FB0D008258C8 /* AssetMgmtUITestsLaunchTests.swift in Sources */ = {isa = PBXBuildFile; fileRef = C28A0BB82AE5FB0D008258C8 /* AssetMgmtUITestsLaunchTests.swift */; };
		C2924C782B018E9D004504E2 /* DocumentGrid.swift in Sources */ = {isa = PBXBuildFile; fileRef = C2924C772B018E9D004504E2 /* DocumentGrid.swift */; };
		C2924C7A2B019349004504E2 /* AssetThumbnailViewGridNew.swift in Sources */ = {isa = PBXBuildFile; fileRef = C2924C792B019349004504E2 /* AssetThumbnailViewGridNew.swift */; };
		C2B652622AF433BA00E45890 /* CustomUrlDelegate.swift in Sources */ = {isa = PBXBuildFile; fileRef = C2B652612AF433BA00E45890 /* CustomUrlDelegate.swift */; };
		C2B652642AF4341F00E45890 /* GenerateUniqueUrl.swift in Sources */ = {isa = PBXBuildFile; fileRef = C2B652632AF4341F00E45890 /* GenerateUniqueUrl.swift */; };
		C2B652662AF435E600E45890 /* DownloadView.swift in Sources */ = {isa = PBXBuildFile; fileRef = C2B652652AF435E600E45890 /* DownloadView.swift */; };
		C2B652682AF435EF00E45890 /* UploadView.swift in Sources */ = {isa = PBXBuildFile; fileRef = C2B652672AF435EF00E45890 /* UploadView.swift */; };
		C2B6526C2AF43D2D00E45890 /* GetFileType.swift in Sources */ = {isa = PBXBuildFile; fileRef = C2B6526B2AF43D2D00E45890 /* GetFileType.swift */; };
		C2B6526E2AF43FBB00E45890 /* ZipUtility.swift in Sources */ = {isa = PBXBuildFile; fileRef = C2B6526D2AF43FBB00E45890 /* ZipUtility.swift */; };
		C2B652712AF4405D00E45890 /* Zip in Frameworks */ = {isa = PBXBuildFile; productRef = C2B652702AF4405D00E45890 /* Zip */; };
		C2B652742AF44F3300E45890 /* PDFViewer.swift in Sources */ = {isa = PBXBuildFile; fileRef = ABBB0F7D2AF2E2C400CD812B /* PDFViewer.swift */; };
		C2B652752AF44F4000E45890 /* ContentView.swift in Sources */ = {isa = PBXBuildFile; fileRef = C28A0B9D2AE5FB0C008258C8 /* ContentView.swift */; };
		C2B652762AF44F4C00E45890 /* UrlUtils.swift in Sources */ = {isa = PBXBuildFile; fileRef = C2FB20E02AEEE325002B3FCF /* UrlUtils.swift */; };
		C2B652772AF44F6D00E45890 /* DirectoryBrowser.swift in Sources */ = {isa = PBXBuildFile; fileRef = C2C797462AF18133005D41DE /* DirectoryBrowser.swift */; };
		C2B652782AF44F6D00E45890 /* DocumentRow.swift in Sources */ = {isa = PBXBuildFile; fileRef = C2C7972C2AF18116005D41DE /* DocumentRow.swift */; };
		C2B652792AF44F6D00E45890 /* URL+Identifiable.swift in Sources */ = {isa = PBXBuildFile; fileRef = C2C797322AF18116005D41DE /* URL+Identifiable.swift */; };
		C2B6527B2AF44F6D00E45890 /* Strings.swift in Sources */ = {isa = PBXBuildFile; fileRef = C2FB20D92AEEE25E002B3FCF /* Strings.swift */; };
		C2B6527C2AF44F6D00E45890 /* Colors.swift in Sources */ = {isa = PBXBuildFile; fileRef = C2FB20DB2AEEE266002B3FCF /* Colors.swift */; };
		C2B6527D2AF44F6D00E45890 /* Urls.swift in Sources */ = {isa = PBXBuildFile; fileRef = C2FB20DD2AEEE283002B3FCF /* Urls.swift */; };
		C2B652862AF453DB00E45890 /* Alamofire in Frameworks */ = {isa = PBXBuildFile; productRef = C2B652852AF453DB00E45890 /* Alamofire */; };
		C2B652882AF4575400E45890 /* NC-MICS-265.jpg in Resources */ = {isa = PBXBuildFile; fileRef = C2B652872AF4575400E45890 /* NC-MICS-265.jpg */; };
		C2B6528A2AF459C300E45890 /* CopyResourcesToLocal.swift in Sources */ = {isa = PBXBuildFile; fileRef = C2B652892AF459C300E45890 /* CopyResourcesToLocal.swift */; };
		C2B6528C2AF45B2800E45890 /* PostRequest.swift in Sources */ = {isa = PBXBuildFile; fileRef = C2B6528B2AF45B2800E45890 /* PostRequest.swift */; };
		C2B6528E2AF46C3E00E45890 /* RemoveFile.swift in Sources */ = {isa = PBXBuildFile; fileRef = C2B6528D2AF46C3E00E45890 /* RemoveFile.swift */; };
		C2C797392AF18117005D41DE /* DocumentPicker.swift in Sources */ = {isa = PBXBuildFile; fileRef = C2C797272AF18116005D41DE /* DocumentPicker.swift */; };
		C2C7973A2AF18117005D41DE /* PhotoPicker.swift in Sources */ = {isa = PBXBuildFile; fileRef = C2C797282AF18116005D41DE /* PhotoPicker.swift */; };
		C2C7973B2AF18117005D41DE /* SortOption.swift in Sources */ = {isa = PBXBuildFile; fileRef = C2C7972B2AF18116005D41DE /* SortOption.swift */; };
		C2C7973D2AF18117005D41DE /* FolderView.swift in Sources */ = {isa = PBXBuildFile; fileRef = C2C7972D2AF18116005D41DE /* FolderView.swift */; };
		C2C7973E2AF18117005D41DE /* DocumentDetails.swift in Sources */ = {isa = PBXBuildFile; fileRef = C2C7972F2AF18116005D41DE /* DocumentDetails.swift */; };
		C2C7973F2AF18117005D41DE /* DocumentAttributeRow.swift in Sources */ = {isa = PBXBuildFile; fileRef = C2C797302AF18116005D41DE /* DocumentAttributeRow.swift */; };
		C2C797412AF18117005D41DE /* Formatters.swift in Sources */ = {isa = PBXBuildFile; fileRef = C2C797332AF18116005D41DE /* Formatters.swift */; };
		C2C797422AF18117005D41DE /* DocumentsStore.swift in Sources */ = {isa = PBXBuildFile; fileRef = C2C797352AF18117005D41DE /* DocumentsStore.swift */; };
		C2C797432AF18117005D41DE /* DocumentManager.swift in Sources */ = {isa = PBXBuildFile; fileRef = C2C797362AF18117005D41DE /* DocumentManager.swift */; };
		C2C797442AF18117005D41DE /* FileManager+DocumentManager.swift in Sources */ = {isa = PBXBuildFile; fileRef = C2C797372AF18117005D41DE /* FileManager+DocumentManager.swift */; };
		C2C797452AF18117005D41DE /* Document.swift in Sources */ = {isa = PBXBuildFile; fileRef = C2C797382AF18117005D41DE /* Document.swift */; };
		C2C7974A2AF18160005D41DE /* FilePreviews in Frameworks */ = {isa = PBXBuildFile; productRef = C2C797492AF18160005D41DE /* FilePreviews */; };
		C2C7974C2AF19FAF005D41DE /* APITest.swift in Sources */ = {isa = PBXBuildFile; fileRef = C2C7974B2AF19FAF005D41DE /* APITest.swift */; };
		C2C7974E2AF1A143005D41DE /* FetchData.swift in Sources */ = {isa = PBXBuildFile; fileRef = C2C7974D2AF1A143005D41DE /* FetchData.swift */; };
		C2C797502AF1A151005D41DE /* APIError.swift in Sources */ = {isa = PBXBuildFile; fileRef = C2C7974F2AF1A151005D41DE /* APIError.swift */; };
		C2C797522AF1A1B7005D41DE /* ResponseType.swift in Sources */ = {isa = PBXBuildFile; fileRef = C2C797512AF1A1B7005D41DE /* ResponseType.swift */; };
		C2C797582AF1C1F0005D41DE /* Download.swift in Sources */ = {isa = PBXBuildFile; fileRef = C2C797572AF1C1F0005D41DE /* Download.swift */; };
		C2C7975A2AF1C3CA005D41DE /* Upload.swift in Sources */ = {isa = PBXBuildFile; fileRef = C2C797592AF1C3CA005D41DE /* Upload.swift */; };
		C2FB20C92AEEDECA002B3FCF /* APIs.swift in Sources */ = {isa = PBXBuildFile; fileRef = C2FB20C82AEEDECA002B3FCF /* APIs.swift */; };
		C2FB20CF2AEEE0C8002B3FCF /* LogModel.swift in Sources */ = {isa = PBXBuildFile; fileRef = C2FB20CE2AEEE0C8002B3FCF /* LogModel.swift */; };
		C2FB20D52AEEE15B002B3FCF /* Initialization.swift in Sources */ = {isa = PBXBuildFile; fileRef = C2FB20D42AEEE15B002B3FCF /* Initialization.swift */; };
		C2FB20E62AEEE5BF002B3FCF /* Logging in Frameworks */ = {isa = PBXBuildFile; productRef = C2FB20E52AEEE5BF002B3FCF /* Logging */; };
/* End PBXBuildFile section */

/* Begin PBXContainerItemProxy section */
		C28A0BA92AE5FB0D008258C8 /* PBXContainerItemProxy */ = {
			isa = PBXContainerItemProxy;
			containerPortal = C28A0B902AE5FB0C008258C8 /* Project object */;
			proxyType = 1;
			remoteGlobalIDString = C28A0B972AE5FB0C008258C8;
			remoteInfo = AssetMgmt;
		};
		C28A0BB32AE5FB0D008258C8 /* PBXContainerItemProxy */ = {
			isa = PBXContainerItemProxy;
			containerPortal = C28A0B902AE5FB0C008258C8 /* Project object */;
			proxyType = 1;
			remoteGlobalIDString = C28A0B972AE5FB0C008258C8;
			remoteInfo = AssetMgmt;
		};
/* End PBXContainerItemProxy section */

/* Begin PBXFileReference section */
		2D48EF902AF9939C00968F67 /* SearchBarView.swift */ = {isa = PBXFileReference; lastKnownFileType = sourcecode.swift; path = SearchBarView.swift; sourceTree = "<group>"; };
		2D48EF922AF9D0E200968F67 /* AssetThumbnailViewGrid.swift */ = {isa = PBXFileReference; lastKnownFileType = sourcecode.swift; path = AssetThumbnailViewGrid.swift; sourceTree = "<group>"; };
		2D48EF9C2AFC107B00968F67 /* DocumentDetailsView.swift */ = {isa = PBXFileReference; lastKnownFileType = sourcecode.swift; path = DocumentDetailsView.swift; sourceTree = "<group>"; };
		2D48EF9E2AFC21CE00968F67 /* FormatBytes.swift */ = {isa = PBXFileReference; lastKnownFileType = sourcecode.swift; path = FormatBytes.swift; sourceTree = "<group>"; };
		2D72D0DF2AF414ED00C9208E /* SearchView.swift */ = {isa = PBXFileReference; lastKnownFileType = sourcecode.swift; path = SearchView.swift; sourceTree = "<group>"; };
		AB53ABC82B01835C00C97CB4 /* LoginPage.swift */ = {isa = PBXFileReference; lastKnownFileType = sourcecode.swift; path = LoginPage.swift; sourceTree = "<group>"; };
		ABBB0F7D2AF2E2C400CD812B /* PDFViewer.swift */ = {isa = PBXFileReference; lastKnownFileType = sourcecode.swift; path = PDFViewer.swift; sourceTree = "<group>"; };
		ABBB0F7F2AF2E3A400CD812B /* PDFSwiftUIView.swift */ = {isa = PBXFileReference; lastKnownFileType = sourcecode.swift; path = PDFSwiftUIView.swift; sourceTree = "<group>"; };
		ABBB0F812AF2E4B300CD812B /* Sample.pdf */ = {isa = PBXFileReference; lastKnownFileType = image.pdf; path = Sample.pdf; sourceTree = "<group>"; };
		ABBB0F842AF3254A00CD812B /* UserDefaultAccess.swift */ = {isa = PBXFileReference; lastKnownFileType = sourcecode.swift; path = UserDefaultAccess.swift; sourceTree = "<group>"; };
		ABBB0F862AFC79C600CD812B /* FileAccess.swift */ = {isa = PBXFileReference; lastKnownFileType = sourcecode.swift; path = FileAccess.swift; sourceTree = "<group>"; };
		C28274902AFC9B8200C6A9DD /* FileBrowserMode.swift */ = {isa = PBXFileReference; lastKnownFileType = sourcecode.swift; path = FileBrowserMode.swift; sourceTree = "<group>"; };
		C28274922AFD4A2E00C6A9DD /* FormatUtils.swift */ = {isa = PBXFileReference; lastKnownFileType = sourcecode.swift; path = FormatUtils.swift; sourceTree = "<group>"; };
		C28274942AFD530D00C6A9DD /* SearchFilter.swift */ = {isa = PBXFileReference; lastKnownFileType = sourcecode.swift; path = SearchFilter.swift; sourceTree = "<group>"; };
		C28274962AFDD34F00C6A9DD /* AssetThumbnailViewRow.swift */ = {isa = PBXFileReference; lastKnownFileType = sourcecode.swift; path = AssetThumbnailViewRow.swift; sourceTree = "<group>"; };
		C28A0B982AE5FB0C008258C8 /* AssetMgmt.app */ = {isa = PBXFileReference; explicitFileType = wrapper.application; includeInIndex = 0; path = AssetMgmt.app; sourceTree = BUILT_PRODUCTS_DIR; };
		C28A0B9B2AE5FB0C008258C8 /* AssetMgmtApp.swift */ = {isa = PBXFileReference; lastKnownFileType = sourcecode.swift; path = AssetMgmtApp.swift; sourceTree = "<group>"; };
		C28A0B9D2AE5FB0C008258C8 /* ContentView.swift */ = {isa = PBXFileReference; lastKnownFileType = sourcecode.swift; path = ContentView.swift; sourceTree = "<group>"; };
		C28A0B9F2AE5FB0D008258C8 /* Assets.xcassets */ = {isa = PBXFileReference; lastKnownFileType = folder.assetcatalog; path = Assets.xcassets; sourceTree = "<group>"; };
		C28A0BA22AE5FB0D008258C8 /* Preview Assets.xcassets */ = {isa = PBXFileReference; lastKnownFileType = folder.assetcatalog; path = "Preview Assets.xcassets"; sourceTree = "<group>"; };
		C28A0BA82AE5FB0D008258C8 /* AssetMgmtTests.xctest */ = {isa = PBXFileReference; explicitFileType = wrapper.cfbundle; includeInIndex = 0; path = AssetMgmtTests.xctest; sourceTree = BUILT_PRODUCTS_DIR; };
		C28A0BAC2AE5FB0D008258C8 /* AssetMgmtTests.swift */ = {isa = PBXFileReference; lastKnownFileType = sourcecode.swift; path = AssetMgmtTests.swift; sourceTree = "<group>"; };
		C28A0BB22AE5FB0D008258C8 /* AssetMgmtUITests.xctest */ = {isa = PBXFileReference; explicitFileType = wrapper.cfbundle; includeInIndex = 0; path = AssetMgmtUITests.xctest; sourceTree = BUILT_PRODUCTS_DIR; };
		C28A0BB62AE5FB0D008258C8 /* AssetMgmtUITests.swift */ = {isa = PBXFileReference; lastKnownFileType = sourcecode.swift; path = AssetMgmtUITests.swift; sourceTree = "<group>"; };
		C28A0BB82AE5FB0D008258C8 /* AssetMgmtUITestsLaunchTests.swift */ = {isa = PBXFileReference; lastKnownFileType = sourcecode.swift; path = AssetMgmtUITestsLaunchTests.swift; sourceTree = "<group>"; };
		C2924C772B018E9D004504E2 /* DocumentGrid.swift */ = {isa = PBXFileReference; lastKnownFileType = sourcecode.swift; path = DocumentGrid.swift; sourceTree = "<group>"; };
		C2924C792B019349004504E2 /* AssetThumbnailViewGridNew.swift */ = {isa = PBXFileReference; lastKnownFileType = sourcecode.swift; path = AssetThumbnailViewGridNew.swift; sourceTree = "<group>"; };
		C2B652602AF4316B00E45890 /* Info.plist */ = {isa = PBXFileReference; lastKnownFileType = text.plist; path = Info.plist; sourceTree = "<group>"; };
		C2B652612AF433BA00E45890 /* CustomUrlDelegate.swift */ = {isa = PBXFileReference; lastKnownFileType = sourcecode.swift; path = CustomUrlDelegate.swift; sourceTree = "<group>"; };
		C2B652632AF4341F00E45890 /* GenerateUniqueUrl.swift */ = {isa = PBXFileReference; lastKnownFileType = sourcecode.swift; path = GenerateUniqueUrl.swift; sourceTree = "<group>"; };
		C2B652652AF435E600E45890 /* DownloadView.swift */ = {isa = PBXFileReference; lastKnownFileType = sourcecode.swift; path = DownloadView.swift; sourceTree = "<group>"; };
		C2B652672AF435EF00E45890 /* UploadView.swift */ = {isa = PBXFileReference; lastKnownFileType = sourcecode.swift; path = UploadView.swift; sourceTree = "<group>"; };
		C2B6526B2AF43D2D00E45890 /* GetFileType.swift */ = {isa = PBXFileReference; lastKnownFileType = sourcecode.swift; path = GetFileType.swift; sourceTree = "<group>"; };
		C2B6526D2AF43FBB00E45890 /* ZipUtility.swift */ = {isa = PBXFileReference; lastKnownFileType = sourcecode.swift; path = ZipUtility.swift; sourceTree = "<group>"; };
		C2B652872AF4575400E45890 /* NC-MICS-265.jpg */ = {isa = PBXFileReference; lastKnownFileType = image.jpeg; path = "NC-MICS-265.jpg"; sourceTree = "<group>"; };
		C2B652892AF459C300E45890 /* CopyResourcesToLocal.swift */ = {isa = PBXFileReference; lastKnownFileType = sourcecode.swift; path = CopyResourcesToLocal.swift; sourceTree = "<group>"; };
		C2B6528B2AF45B2800E45890 /* PostRequest.swift */ = {isa = PBXFileReference; lastKnownFileType = sourcecode.swift; path = PostRequest.swift; sourceTree = "<group>"; };
		C2B6528D2AF46C3E00E45890 /* RemoveFile.swift */ = {isa = PBXFileReference; lastKnownFileType = sourcecode.swift; path = RemoveFile.swift; sourceTree = "<group>"; };
		C2C797272AF18116005D41DE /* DocumentPicker.swift */ = {isa = PBXFileReference; fileEncoding = 4; lastKnownFileType = sourcecode.swift; path = DocumentPicker.swift; sourceTree = "<group>"; };
		C2C797282AF18116005D41DE /* PhotoPicker.swift */ = {isa = PBXFileReference; fileEncoding = 4; lastKnownFileType = sourcecode.swift; path = PhotoPicker.swift; sourceTree = "<group>"; };
		C2C7972B2AF18116005D41DE /* SortOption.swift */ = {isa = PBXFileReference; fileEncoding = 4; lastKnownFileType = sourcecode.swift; path = SortOption.swift; sourceTree = "<group>"; };
		C2C7972C2AF18116005D41DE /* DocumentRow.swift */ = {isa = PBXFileReference; fileEncoding = 4; lastKnownFileType = sourcecode.swift; path = DocumentRow.swift; sourceTree = "<group>"; };
		C2C7972D2AF18116005D41DE /* FolderView.swift */ = {isa = PBXFileReference; fileEncoding = 4; lastKnownFileType = sourcecode.swift; path = FolderView.swift; sourceTree = "<group>"; };
		C2C7972F2AF18116005D41DE /* DocumentDetails.swift */ = {isa = PBXFileReference; fileEncoding = 4; lastKnownFileType = sourcecode.swift; path = DocumentDetails.swift; sourceTree = "<group>"; };
		C2C797302AF18116005D41DE /* DocumentAttributeRow.swift */ = {isa = PBXFileReference; fileEncoding = 4; lastKnownFileType = sourcecode.swift; path = DocumentAttributeRow.swift; sourceTree = "<group>"; };
		C2C797322AF18116005D41DE /* URL+Identifiable.swift */ = {isa = PBXFileReference; fileEncoding = 4; lastKnownFileType = sourcecode.swift; path = "URL+Identifiable.swift"; sourceTree = "<group>"; };
		C2C797332AF18116005D41DE /* Formatters.swift */ = {isa = PBXFileReference; fileEncoding = 4; lastKnownFileType = sourcecode.swift; path = Formatters.swift; sourceTree = "<group>"; };
		C2C797352AF18117005D41DE /* DocumentsStore.swift */ = {isa = PBXFileReference; fileEncoding = 4; lastKnownFileType = sourcecode.swift; path = DocumentsStore.swift; sourceTree = "<group>"; };
		C2C797362AF18117005D41DE /* DocumentManager.swift */ = {isa = PBXFileReference; fileEncoding = 4; lastKnownFileType = sourcecode.swift; path = DocumentManager.swift; sourceTree = "<group>"; };
		C2C797372AF18117005D41DE /* FileManager+DocumentManager.swift */ = {isa = PBXFileReference; fileEncoding = 4; lastKnownFileType = sourcecode.swift; path = "FileManager+DocumentManager.swift"; sourceTree = "<group>"; };
		C2C797382AF18117005D41DE /* Document.swift */ = {isa = PBXFileReference; fileEncoding = 4; lastKnownFileType = sourcecode.swift; path = Document.swift; sourceTree = "<group>"; };
		C2C797462AF18133005D41DE /* DirectoryBrowser.swift */ = {isa = PBXFileReference; fileEncoding = 4; lastKnownFileType = sourcecode.swift; path = DirectoryBrowser.swift; sourceTree = "<group>"; };
		C2C7974B2AF19FAF005D41DE /* APITest.swift */ = {isa = PBXFileReference; lastKnownFileType = sourcecode.swift; path = APITest.swift; sourceTree = "<group>"; };
		C2C7974D2AF1A143005D41DE /* FetchData.swift */ = {isa = PBXFileReference; lastKnownFileType = sourcecode.swift; path = FetchData.swift; sourceTree = "<group>"; };
		C2C7974F2AF1A151005D41DE /* APIError.swift */ = {isa = PBXFileReference; lastKnownFileType = sourcecode.swift; path = APIError.swift; sourceTree = "<group>"; };
		C2C797512AF1A1B7005D41DE /* ResponseType.swift */ = {isa = PBXFileReference; lastKnownFileType = sourcecode.swift; path = ResponseType.swift; sourceTree = "<group>"; };
		C2C797562AF1AC72005D41DE /* AssetMgmt.xctestplan */ = {isa = PBXFileReference; lastKnownFileType = text; path = AssetMgmt.xctestplan; sourceTree = "<group>"; };
		C2C797572AF1C1F0005D41DE /* Download.swift */ = {isa = PBXFileReference; lastKnownFileType = sourcecode.swift; path = Download.swift; sourceTree = "<group>"; };
		C2C797592AF1C3CA005D41DE /* Upload.swift */ = {isa = PBXFileReference; lastKnownFileType = sourcecode.swift; path = Upload.swift; sourceTree = "<group>"; };
		C2FB20C82AEEDECA002B3FCF /* APIs.swift */ = {isa = PBXFileReference; lastKnownFileType = sourcecode.swift; path = APIs.swift; sourceTree = "<group>"; };
		C2FB20CE2AEEE0C8002B3FCF /* LogModel.swift */ = {isa = PBXFileReference; lastKnownFileType = sourcecode.swift; path = LogModel.swift; sourceTree = "<group>"; };
		C2FB20D42AEEE15B002B3FCF /* Initialization.swift */ = {isa = PBXFileReference; lastKnownFileType = sourcecode.swift; path = Initialization.swift; sourceTree = "<group>"; };
		C2FB20D92AEEE25E002B3FCF /* Strings.swift */ = {isa = PBXFileReference; lastKnownFileType = sourcecode.swift; path = Strings.swift; sourceTree = "<group>"; };
		C2FB20DB2AEEE266002B3FCF /* Colors.swift */ = {isa = PBXFileReference; lastKnownFileType = sourcecode.swift; path = Colors.swift; sourceTree = "<group>"; };
		C2FB20DD2AEEE283002B3FCF /* Urls.swift */ = {isa = PBXFileReference; lastKnownFileType = sourcecode.swift; path = Urls.swift; sourceTree = "<group>"; };
		C2FB20E02AEEE325002B3FCF /* UrlUtils.swift */ = {isa = PBXFileReference; lastKnownFileType = sourcecode.swift; path = UrlUtils.swift; sourceTree = "<group>"; };
/* End PBXFileReference section */

/* Begin PBXFrameworksBuildPhase section */
		C28A0B952AE5FB0C008258C8 /* Frameworks */ = {
			isa = PBXFrameworksBuildPhase;
			buildActionMask = 2147483647;
			files = (
				C2B652712AF4405D00E45890 /* Zip in Frameworks */,
				C2B652862AF453DB00E45890 /* Alamofire in Frameworks */,
				C2FB20E62AEEE5BF002B3FCF /* Logging in Frameworks */,
				C2C7974A2AF18160005D41DE /* FilePreviews in Frameworks */,
			);
			runOnlyForDeploymentPostprocessing = 0;
		};
		C28A0BA52AE5FB0D008258C8 /* Frameworks */ = {
			isa = PBXFrameworksBuildPhase;
			buildActionMask = 2147483647;
			files = (
			);
			runOnlyForDeploymentPostprocessing = 0;
		};
		C28A0BAF2AE5FB0D008258C8 /* Frameworks */ = {
			isa = PBXFrameworksBuildPhase;
			buildActionMask = 2147483647;
			files = (
			);
			runOnlyForDeploymentPostprocessing = 0;
		};
/* End PBXFrameworksBuildPhase section */

/* Begin PBXGroup section */
		ABBB0F7C2AF2E2AC00CD812B /* PDFViewer */ = {
			isa = PBXGroup;
			children = (
				ABBB0F7F2AF2E3A400CD812B /* PDFSwiftUIView.swift */,
				ABBB0F7D2AF2E2C400CD812B /* PDFViewer.swift */,
			);
			path = PDFViewer;
			sourceTree = "<group>";
		};
		ABBB0F832AF3252600CD812B /* DataAccessFunc */ = {
			isa = PBXGroup;
			children = (
				ABBB0F842AF3254A00CD812B /* UserDefaultAccess.swift */,
				ABBB0F862AFC79C600CD812B /* FileAccess.swift */,
			);
			path = DataAccessFunc;
			sourceTree = "<group>";
		};
		C28274982AFDD37600C6A9DD /* Search */ = {
			isa = PBXGroup;
			children = (
				2D48EF902AF9939C00968F67 /* SearchBarView.swift */,
				2D72D0DF2AF414ED00C9208E /* SearchView.swift */,
			);
			path = Search;
			sourceTree = "<group>";
		};
		C28274992AFDD39B00C6A9DD /* Thumbnail */ = {
			isa = PBXGroup;
			children = (
				C28274962AFDD34F00C6A9DD /* AssetThumbnailViewRow.swift */,
				2D48EF922AF9D0E200968F67 /* AssetThumbnailViewGrid.swift */,
				C2924C792B019349004504E2 /* AssetThumbnailViewGridNew.swift */,
			);
			path = Thumbnail;
			sourceTree = "<group>";
		};
		C28A0B8F2AE5FB0C008258C8 = {
			isa = PBXGroup;
			children = (
				C2C797562AF1AC72005D41DE /* AssetMgmt.xctestplan */,
				C28A0B9A2AE5FB0C008258C8 /* AssetMgmt */,
				C28A0BAB2AE5FB0D008258C8 /* AssetMgmtTests */,
				C28A0BB52AE5FB0D008258C8 /* AssetMgmtUITests */,
				C28A0B992AE5FB0C008258C8 /* Products */,
			);
			sourceTree = "<group>";
		};
		C28A0B992AE5FB0C008258C8 /* Products */ = {
			isa = PBXGroup;
			children = (
				C28A0B982AE5FB0C008258C8 /* AssetMgmt.app */,
				C28A0BA82AE5FB0D008258C8 /* AssetMgmtTests.xctest */,
				C28A0BB22AE5FB0D008258C8 /* AssetMgmtUITests.xctest */,
			);
			name = Products;
			sourceTree = "<group>";
		};
		C28A0B9A2AE5FB0C008258C8 /* AssetMgmt */ = {
			isa = PBXGroup;
			children = (
				C28A0B9B2AE5FB0C008258C8 /* AssetMgmtApp.swift */,
				C28A0B9D2AE5FB0C008258C8 /* ContentView.swift */,
				C28A0B9F2AE5FB0D008258C8 /* Assets.xcassets */,
				C2B652602AF4316B00E45890 /* Info.plist */,
				C2FB20C42AEEDD79002B3FCF /* DAL */,
				C2FB20BF2AEEDCAF002B3FCF /* API */,
				C2FB20BE2AEEDCA9002B3FCF /* UI */,
				C2FB20C22AEEDCF4002B3FCF /* Utils */,
				C2FB20D62AEEE20F002B3FCF /* Resouces */,
				C28A0BA12AE5FB0D008258C8 /* Preview Content */,
			);
			path = AssetMgmt;
			sourceTree = "<group>";
		};
		C28A0BA12AE5FB0D008258C8 /* Preview Content */ = {
			isa = PBXGroup;
			children = (
				C28A0BA22AE5FB0D008258C8 /* Preview Assets.xcassets */,
			);
			path = "Preview Content";
			sourceTree = "<group>";
		};
		C28A0BAB2AE5FB0D008258C8 /* AssetMgmtTests */ = {
			isa = PBXGroup;
			children = (
				C28A0BAC2AE5FB0D008258C8 /* AssetMgmtTests.swift */,
				C2C7974B2AF19FAF005D41DE /* APITest.swift */,
			);
			path = AssetMgmtTests;
			sourceTree = "<group>";
		};
		C28A0BB52AE5FB0D008258C8 /* AssetMgmtUITests */ = {
			isa = PBXGroup;
			children = (
				C28A0BB62AE5FB0D008258C8 /* AssetMgmtUITests.swift */,
				C28A0BB82AE5FB0D008258C8 /* AssetMgmtUITestsLaunchTests.swift */,
			);
			path = AssetMgmtUITests;
			sourceTree = "<group>";
		};
		C2B6525F2AF42B3600E45890 /* TestFile */ = {
			isa = PBXGroup;
			children = (
				C2B652872AF4575400E45890 /* NC-MICS-265.jpg */,
				ABBB0F812AF2E4B300CD812B /* Sample.pdf */,
			);
			path = TestFile;
			sourceTree = "<group>";
		};
		C2B652692AF43D0C00E45890 /* Url */ = {
			isa = PBXGroup;
			children = (
				C2FB20E02AEEE325002B3FCF /* UrlUtils.swift */,
				C2B652632AF4341F00E45890 /* GenerateUniqueUrl.swift */,
			);
			path = Url;
			sourceTree = "<group>";
		};
		C2B6526A2AF43D1D00E45890 /* File */ = {
			isa = PBXGroup;
			children = (
				C2B6526B2AF43D2D00E45890 /* GetFileType.swift */,
				2D48EF9E2AFC21CE00968F67 /* FormatBytes.swift */,
				C2B6526D2AF43FBB00E45890 /* ZipUtility.swift */,
				C2B6528D2AF46C3E00E45890 /* RemoveFile.swift */,
			);
			path = File;
			sourceTree = "<group>";
		};
		C2B652722AF44D0200E45890 /* DB */ = {
			isa = PBXGroup;
			children = (
			);
			path = DB;
			sourceTree = "<group>";
		};
		C2C797262AF18116005D41DE /* Pickers */ = {
			isa = PBXGroup;
			children = (
				C2C797272AF18116005D41DE /* DocumentPicker.swift */,
				C2C797282AF18116005D41DE /* PhotoPicker.swift */,
			);
			path = Pickers;
			sourceTree = "<group>";
		};
		C2C797292AF18116005D41DE /* Screens */ = {
			isa = PBXGroup;
			children = (
				C2C7972A2AF18116005D41DE /* Folder */,
				C2C7972E2AF18116005D41DE /* DocumentDetails */,
			);
			path = Screens;
			sourceTree = "<group>";
		};
		C2C7972A2AF18116005D41DE /* Folder */ = {
			isa = PBXGroup;
			children = (
				C2C7972B2AF18116005D41DE /* SortOption.swift */,
				C2C7972C2AF18116005D41DE /* DocumentRow.swift */,
				C2924C772B018E9D004504E2 /* DocumentGrid.swift */,
				C2C7972D2AF18116005D41DE /* FolderView.swift */,
			);
			path = Folder;
			sourceTree = "<group>";
		};
		C2C7972E2AF18116005D41DE /* DocumentDetails */ = {
			isa = PBXGroup;
			children = (
				C2C7972F2AF18116005D41DE /* DocumentDetails.swift */,
				C2C797302AF18116005D41DE /* DocumentAttributeRow.swift */,
			);
			path = DocumentDetails;
			sourceTree = "<group>";
		};
		C2C797312AF18116005D41DE /* Utils */ = {
			isa = PBXGroup;
			children = (
				C2C797322AF18116005D41DE /* URL+Identifiable.swift */,
				C2C797332AF18116005D41DE /* Formatters.swift */,
				C28274902AFC9B8200C6A9DD /* FileBrowserMode.swift */,
			);
			path = Utils;
			sourceTree = "<group>";
		};
		C2C797342AF18117005D41DE /* Model */ = {
			isa = PBXGroup;
			children = (
				C2C797352AF18117005D41DE /* DocumentsStore.swift */,
				C2C797362AF18117005D41DE /* DocumentManager.swift */,
				C2C797372AF18117005D41DE /* FileManager+DocumentManager.swift */,
				C2C797382AF18117005D41DE /* Document.swift */,
			);
			path = Model;
			sourceTree = "<group>";
		};
		C2FB20BE2AEEDCA9002B3FCF /* UI */ = {
			isa = PBXGroup;
			children = (
				C2FB20D42AEEE15B002B3FCF /* Initialization.swift */,
				C28274992AFDD39B00C6A9DD /* Thumbnail */,
				C28274982AFDD37600C6A9DD /* Search */,
				C2B652652AF435E600E45890 /* DownloadView.swift */,
				C2B652672AF435EF00E45890 /* UploadView.swift */,
				2D48EF9C2AFC107B00968F67 /* DocumentDetailsView.swift */,
				C2FB20EE2AEEF0FE002B3FCF /* FileBrowser */,
				AB53ABC82B01835C00C97CB4 /* LoginPage.swift */,
			);
			path = UI;
			sourceTree = "<group>";
		};
		C2FB20BF2AEEDCAF002B3FCF /* API */ = {
			isa = PBXGroup;
			children = (
				C2FB20C82AEEDECA002B3FCF /* APIs.swift */,
				C2C7974F2AF1A151005D41DE /* APIError.swift */,
				C2C797512AF1A1B7005D41DE /* ResponseType.swift */,
				C28274942AFD530D00C6A9DD /* SearchFilter.swift */,
			);
			path = API;
			sourceTree = "<group>";
		};
		C2FB20C12AEEDCE7002B3FCF /* DataOperation */ = {
			isa = PBXGroup;
			children = (
				C2C7974D2AF1A143005D41DE /* FetchData.swift */,
				C2C797572AF1C1F0005D41DE /* Download.swift */,
				C2C797592AF1C3CA005D41DE /* Upload.swift */,
				C2B652612AF433BA00E45890 /* CustomUrlDelegate.swift */,
				C2B6528B2AF45B2800E45890 /* PostRequest.swift */,
			);
			path = DataOperation;
			sourceTree = "<group>";
		};
		C2FB20C22AEEDCF4002B3FCF /* Utils */ = {
			isa = PBXGroup;
			children = (
				C2B6526A2AF43D1D00E45890 /* File */,
				C2B652692AF43D0C00E45890 /* Url */,
				C2FB20C12AEEDCE7002B3FCF /* DataOperation */,
				C2B652892AF459C300E45890 /* CopyResourcesToLocal.swift */,
				C28274922AFD4A2E00C6A9DD /* FormatUtils.swift */,
			);
			path = Utils;
			sourceTree = "<group>";
		};
		C2FB20C42AEEDD79002B3FCF /* DAL */ = {
			isa = PBXGroup;
			children = (
				C2B652722AF44D0200E45890 /* DB */,
				ABBB0F832AF3252600CD812B /* DataAccessFunc */,
				C2FB20C62AEEDDDB002B3FCF /* Model */,
			);
			path = DAL;
			sourceTree = "<group>";
		};
		C2FB20C62AEEDDDB002B3FCF /* Model */ = {
			isa = PBXGroup;
			children = (
				C2FB20CE2AEEE0C8002B3FCF /* LogModel.swift */,
			);
			path = Model;
			sourceTree = "<group>";
		};
		C2FB20D62AEEE20F002B3FCF /* Resouces */ = {
			isa = PBXGroup;
			children = (
				C2B6525F2AF42B3600E45890 /* TestFile */,
				C2FB20D72AEEE234002B3FCF /* Constants */,
			);
			path = Resouces;
			sourceTree = "<group>";
		};
		C2FB20D72AEEE234002B3FCF /* Constants */ = {
			isa = PBXGroup;
			children = (
				C2FB20D92AEEE25E002B3FCF /* Strings.swift */,
				C2FB20DB2AEEE266002B3FCF /* Colors.swift */,
				C2FB20DD2AEEE283002B3FCF /* Urls.swift */,
			);
			path = Constants;
			sourceTree = "<group>";
		};
		C2FB20EE2AEEF0FE002B3FCF /* FileBrowser */ = {
			isa = PBXGroup;
			children = (
				C2C797462AF18133005D41DE /* DirectoryBrowser.swift */,
				ABBB0F7C2AF2E2AC00CD812B /* PDFViewer */,
				C2C797342AF18117005D41DE /* Model */,
				C2C797262AF18116005D41DE /* Pickers */,
				C2C797292AF18116005D41DE /* Screens */,
				C2C797312AF18116005D41DE /* Utils */,
			);
			path = FileBrowser;
			sourceTree = "<group>";
		};
/* End PBXGroup section */

/* Begin PBXNativeTarget section */
		C28A0B972AE5FB0C008258C8 /* AssetMgmt */ = {
			isa = PBXNativeTarget;
			buildConfigurationList = C28A0BBC2AE5FB0D008258C8 /* Build configuration list for PBXNativeTarget "AssetMgmt" */;
			buildPhases = (
				C28A0B942AE5FB0C008258C8 /* Sources */,
				C28A0B952AE5FB0C008258C8 /* Frameworks */,
				C28A0B962AE5FB0C008258C8 /* Resources */,
			);
			buildRules = (
			);
			dependencies = (
			);
			name = AssetMgmt;
			packageProductDependencies = (
				C2FB20E52AEEE5BF002B3FCF /* Logging */,
				C2C797492AF18160005D41DE /* FilePreviews */,
				C2B652702AF4405D00E45890 /* Zip */,
				C2B652852AF453DB00E45890 /* Alamofire */,
			);
			productName = AssetMgmt;
			productReference = C28A0B982AE5FB0C008258C8 /* AssetMgmt.app */;
			productType = "com.apple.product-type.application";
		};
		C28A0BA72AE5FB0D008258C8 /* AssetMgmtTests */ = {
			isa = PBXNativeTarget;
			buildConfigurationList = C28A0BBF2AE5FB0D008258C8 /* Build configuration list for PBXNativeTarget "AssetMgmtTests" */;
			buildPhases = (
				C28A0BA42AE5FB0D008258C8 /* Sources */,
				C28A0BA52AE5FB0D008258C8 /* Frameworks */,
				C28A0BA62AE5FB0D008258C8 /* Resources */,
			);
			buildRules = (
			);
			dependencies = (
				C28A0BAA2AE5FB0D008258C8 /* PBXTargetDependency */,
			);
			name = AssetMgmtTests;
			productName = AssetMgmtTests;
			productReference = C28A0BA82AE5FB0D008258C8 /* AssetMgmtTests.xctest */;
			productType = "com.apple.product-type.bundle.unit-test";
		};
		C28A0BB12AE5FB0D008258C8 /* AssetMgmtUITests */ = {
			isa = PBXNativeTarget;
			buildConfigurationList = C28A0BC22AE5FB0D008258C8 /* Build configuration list for PBXNativeTarget "AssetMgmtUITests" */;
			buildPhases = (
				C28A0BAE2AE5FB0D008258C8 /* Sources */,
				C28A0BAF2AE5FB0D008258C8 /* Frameworks */,
				C28A0BB02AE5FB0D008258C8 /* Resources */,
			);
			buildRules = (
			);
			dependencies = (
				C28A0BB42AE5FB0D008258C8 /* PBXTargetDependency */,
			);
			name = AssetMgmtUITests;
			productName = AssetMgmtUITests;
			productReference = C28A0BB22AE5FB0D008258C8 /* AssetMgmtUITests.xctest */;
			productType = "com.apple.product-type.bundle.ui-testing";
		};
/* End PBXNativeTarget section */

/* Begin PBXProject section */
		C28A0B902AE5FB0C008258C8 /* Project object */ = {
			isa = PBXProject;
			attributes = {
				BuildIndependentTargetsInParallel = 1;
				LastSwiftUpdateCheck = 1500;
				LastUpgradeCheck = 1500;
				TargetAttributes = {
					C28A0B972AE5FB0C008258C8 = {
						CreatedOnToolsVersion = 15.0.1;
					};
					C28A0BA72AE5FB0D008258C8 = {
						CreatedOnToolsVersion = 15.0.1;
						TestTargetID = C28A0B972AE5FB0C008258C8;
					};
					C28A0BB12AE5FB0D008258C8 = {
						CreatedOnToolsVersion = 15.0.1;
						TestTargetID = C28A0B972AE5FB0C008258C8;
					};
				};
			};
			buildConfigurationList = C28A0B932AE5FB0C008258C8 /* Build configuration list for PBXProject "AssetMgmt" */;
			compatibilityVersion = "Xcode 14.0";
			developmentRegion = en;
			hasScannedForEncodings = 0;
			knownRegions = (
				en,
				Base,
			);
			mainGroup = C28A0B8F2AE5FB0C008258C8;
			packageReferences = (
				C2FB20E42AEEE5BF002B3FCF /* XCRemoteSwiftPackageReference "swift-log" */,
				C2C797482AF18160005D41DE /* XCRemoteSwiftPackageReference "FilePreviews" */,
				C2B6526F2AF4405D00E45890 /* XCRemoteSwiftPackageReference "Zip" */,
				C2B652842AF453DB00E45890 /* XCRemoteSwiftPackageReference "Alamofire" */,
			);
			productRefGroup = C28A0B992AE5FB0C008258C8 /* Products */;
			projectDirPath = "";
			projectRoot = "";
			targets = (
				C28A0B972AE5FB0C008258C8 /* AssetMgmt */,
				C28A0BA72AE5FB0D008258C8 /* AssetMgmtTests */,
				C28A0BB12AE5FB0D008258C8 /* AssetMgmtUITests */,
			);
		};
/* End PBXProject section */

/* Begin PBXResourcesBuildPhase section */
		C28A0B962AE5FB0C008258C8 /* Resources */ = {
			isa = PBXResourcesBuildPhase;
			buildActionMask = 2147483647;
			files = (
				C28A0BA32AE5FB0D008258C8 /* Preview Assets.xcassets in Resources */,
				ABBB0F822AF2E4B300CD812B /* Sample.pdf in Resources */,
				C2B652882AF4575400E45890 /* NC-MICS-265.jpg in Resources */,
				C28A0BA02AE5FB0D008258C8 /* Assets.xcassets in Resources */,
			);
			runOnlyForDeploymentPostprocessing = 0;
		};
		C28A0BA62AE5FB0D008258C8 /* Resources */ = {
			isa = PBXResourcesBuildPhase;
			buildActionMask = 2147483647;
			files = (
			);
			runOnlyForDeploymentPostprocessing = 0;
		};
		C28A0BB02AE5FB0D008258C8 /* Resources */ = {
			isa = PBXResourcesBuildPhase;
			buildActionMask = 2147483647;
			files = (
			);
			runOnlyForDeploymentPostprocessing = 0;
		};
/* End PBXResourcesBuildPhase section */

/* Begin PBXSourcesBuildPhase section */
		C28A0B942AE5FB0C008258C8 /* Sources */ = {
			isa = PBXSourcesBuildPhase;
			buildActionMask = 2147483647;
			files = (
				2D48EF932AF9D0E200968F67 /* AssetThumbnailViewGrid.swift in Sources */,
				C2B652772AF44F6D00E45890 /* DirectoryBrowser.swift in Sources */,
				C2B6528E2AF46C3E00E45890 /* RemoveFile.swift in Sources */,
				C2B6528C2AF45B2800E45890 /* PostRequest.swift in Sources */,
				C2B6528A2AF459C300E45890 /* CopyResourcesToLocal.swift in Sources */,
				C2924C7A2B019349004504E2 /* AssetThumbnailViewGridNew.swift in Sources */,
				C2B652782AF44F6D00E45890 /* DocumentRow.swift in Sources */,
				C2B652792AF44F6D00E45890 /* URL+Identifiable.swift in Sources */,
				C2B6527B2AF44F6D00E45890 /* Strings.swift in Sources */,
				2D48EF9F2AFC21CE00968F67 /* FormatBytes.swift in Sources */,
				C2B6527C2AF44F6D00E45890 /* Colors.swift in Sources */,
				C2B6527D2AF44F6D00E45890 /* Urls.swift in Sources */,
				C2B652762AF44F4C00E45890 /* UrlUtils.swift in Sources */,
				C2B652752AF44F4000E45890 /* ContentView.swift in Sources */,
				C28274912AFC9B8200C6A9DD /* FileBrowserMode.swift in Sources */,
				C2B652742AF44F3300E45890 /* PDFViewer.swift in Sources */,
				C2C7975A2AF1C3CA005D41DE /* Upload.swift in Sources */,
				AB53ABC92B01835C00C97CB4 /* LoginPage.swift in Sources */,
				C28274932AFD4A2E00C6A9DD /* FormatUtils.swift in Sources */,
				C2C797392AF18117005D41DE /* DocumentPicker.swift in Sources */,
				C2B652662AF435E600E45890 /* DownloadView.swift in Sources */,
				2D48EF912AF9939C00968F67 /* SearchBarView.swift in Sources */,
				C2B6526C2AF43D2D00E45890 /* GetFileType.swift in Sources */,
				C2B652642AF4341F00E45890 /* GenerateUniqueUrl.swift in Sources */,
				C2B652682AF435EF00E45890 /* UploadView.swift in Sources */,
				ABBB0F852AF3254A00CD812B /* UserDefaultAccess.swift in Sources */,
				C2FB20C92AEEDECA002B3FCF /* APIs.swift in Sources */,
				C2924C782B018E9D004504E2 /* DocumentGrid.swift in Sources */,
				C28274952AFD530D00C6A9DD /* SearchFilter.swift in Sources */,
				C2C7973D2AF18117005D41DE /* FolderView.swift in Sources */,
				C28274972AFDD34F00C6A9DD /* AssetThumbnailViewRow.swift in Sources */,
				C2C7973B2AF18117005D41DE /* SortOption.swift in Sources */,
				C2C7973E2AF18117005D41DE /* DocumentDetails.swift in Sources */,
				C2C797522AF1A1B7005D41DE /* ResponseType.swift in Sources */,
				C2C797452AF18117005D41DE /* Document.swift in Sources */,
				2D72D0E02AF414ED00C9208E /* SearchView.swift in Sources */,
				C2C797422AF18117005D41DE /* DocumentsStore.swift in Sources */,
				C2C7973F2AF18117005D41DE /* DocumentAttributeRow.swift in Sources */,
				C2FB20CF2AEEE0C8002B3FCF /* LogModel.swift in Sources */,
				C2C7973A2AF18117005D41DE /* PhotoPicker.swift in Sources */,
				C2FB20D52AEEE15B002B3FCF /* Initialization.swift in Sources */,
				2D48EF9D2AFC107B00968F67 /* DocumentDetailsView.swift in Sources */,
				C2C797582AF1C1F0005D41DE /* Download.swift in Sources */,
				C2C797412AF18117005D41DE /* Formatters.swift in Sources */,
				ABBB0F872AFC79C600CD812B /* FileAccess.swift in Sources */,
				C28A0B9C2AE5FB0C008258C8 /* AssetMgmtApp.swift in Sources */,
				ABBB0F802AF2E3A400CD812B /* PDFSwiftUIView.swift in Sources */,
				C2C7974E2AF1A143005D41DE /* FetchData.swift in Sources */,
				C2B6526E2AF43FBB00E45890 /* ZipUtility.swift in Sources */,
				C2B652622AF433BA00E45890 /* CustomUrlDelegate.swift in Sources */,
				C2C797502AF1A151005D41DE /* APIError.swift in Sources */,
				C2C797442AF18117005D41DE /* FileManager+DocumentManager.swift in Sources */,
				C2C797432AF18117005D41DE /* DocumentManager.swift in Sources */,
			);
			runOnlyForDeploymentPostprocessing = 0;
		};
		C28A0BA42AE5FB0D008258C8 /* Sources */ = {
			isa = PBXSourcesBuildPhase;
			buildActionMask = 2147483647;
			files = (
				C2C7974C2AF19FAF005D41DE /* APITest.swift in Sources */,
				C28A0BAD2AE5FB0D008258C8 /* AssetMgmtTests.swift in Sources */,
			);
			runOnlyForDeploymentPostprocessing = 0;
		};
		C28A0BAE2AE5FB0D008258C8 /* Sources */ = {
			isa = PBXSourcesBuildPhase;
			buildActionMask = 2147483647;
			files = (
				C28A0BB92AE5FB0D008258C8 /* AssetMgmtUITestsLaunchTests.swift in Sources */,
				C28A0BB72AE5FB0D008258C8 /* AssetMgmtUITests.swift in Sources */,
			);
			runOnlyForDeploymentPostprocessing = 0;
		};
/* End PBXSourcesBuildPhase section */

/* Begin PBXTargetDependency section */
		C28A0BAA2AE5FB0D008258C8 /* PBXTargetDependency */ = {
			isa = PBXTargetDependency;
			target = C28A0B972AE5FB0C008258C8 /* AssetMgmt */;
			targetProxy = C28A0BA92AE5FB0D008258C8 /* PBXContainerItemProxy */;
		};
		C28A0BB42AE5FB0D008258C8 /* PBXTargetDependency */ = {
			isa = PBXTargetDependency;
			target = C28A0B972AE5FB0C008258C8 /* AssetMgmt */;
			targetProxy = C28A0BB32AE5FB0D008258C8 /* PBXContainerItemProxy */;
		};
/* End PBXTargetDependency section */

/* Begin XCBuildConfiguration section */
		C28A0BBA2AE5FB0D008258C8 /* Debug */ = {
			isa = XCBuildConfiguration;
			buildSettings = {
				ALWAYS_SEARCH_USER_PATHS = NO;
				ASSETCATALOG_COMPILER_GENERATE_SWIFT_ASSET_SYMBOL_EXTENSIONS = YES;
				CLANG_ANALYZER_NONNULL = YES;
				CLANG_ANALYZER_NUMBER_OBJECT_CONVERSION = YES_AGGRESSIVE;
				CLANG_CXX_LANGUAGE_STANDARD = "gnu++20";
				CLANG_ENABLE_MODULES = YES;
				CLANG_ENABLE_OBJC_ARC = YES;
				CLANG_ENABLE_OBJC_WEAK = YES;
				CLANG_WARN_BLOCK_CAPTURE_AUTORELEASING = YES;
				CLANG_WARN_BOOL_CONVERSION = YES;
				CLANG_WARN_COMMA = YES;
				CLANG_WARN_CONSTANT_CONVERSION = YES;
				CLANG_WARN_DEPRECATED_OBJC_IMPLEMENTATIONS = YES;
				CLANG_WARN_DIRECT_OBJC_ISA_USAGE = YES_ERROR;
				CLANG_WARN_DOCUMENTATION_COMMENTS = YES;
				CLANG_WARN_EMPTY_BODY = YES;
				CLANG_WARN_ENUM_CONVERSION = YES;
				CLANG_WARN_INFINITE_RECURSION = YES;
				CLANG_WARN_INT_CONVERSION = YES;
				CLANG_WARN_NON_LITERAL_NULL_CONVERSION = YES;
				CLANG_WARN_OBJC_IMPLICIT_RETAIN_SELF = YES;
				CLANG_WARN_OBJC_LITERAL_CONVERSION = YES;
				CLANG_WARN_OBJC_ROOT_CLASS = YES_ERROR;
				CLANG_WARN_QUOTED_INCLUDE_IN_FRAMEWORK_HEADER = YES;
				CLANG_WARN_RANGE_LOOP_ANALYSIS = YES;
				CLANG_WARN_STRICT_PROTOTYPES = YES;
				CLANG_WARN_SUSPICIOUS_MOVE = YES;
				CLANG_WARN_UNGUARDED_AVAILABILITY = YES_AGGRESSIVE;
				CLANG_WARN_UNREACHABLE_CODE = YES;
				CLANG_WARN__DUPLICATE_METHOD_MATCH = YES;
				CODE_SIGN_IDENTITY = "Apple Development";
				CODE_SIGN_INJECT_BASE_ENTITLEMENTS = NO;
				COPY_PHASE_STRIP = NO;
				DEBUG_INFORMATION_FORMAT = dwarf;
				ENABLE_STRICT_OBJC_MSGSEND = YES;
				ENABLE_TESTABILITY = YES;
				ENABLE_USER_SCRIPT_SANDBOXING = YES;
				EXCLUDED_ARCHS = "";
				GCC_C_LANGUAGE_STANDARD = gnu17;
				GCC_DYNAMIC_NO_PIC = NO;
				GCC_NO_COMMON_BLOCKS = YES;
				GCC_OPTIMIZATION_LEVEL = 0;
				GCC_PREPROCESSOR_DEFINITIONS = (
					"DEBUG=1",
					"$(inherited)",
				);
				GCC_WARN_64_TO_32_BIT_CONVERSION = YES;
				GCC_WARN_ABOUT_RETURN_TYPE = YES_ERROR;
				GCC_WARN_UNDECLARED_SELECTOR = YES;
				GCC_WARN_UNINITIALIZED_AUTOS = YES_AGGRESSIVE;
				GCC_WARN_UNUSED_FUNCTION = YES;
				GCC_WARN_UNUSED_VARIABLE = YES;
				IPHONEOS_DEPLOYMENT_TARGET = 16.0;
				LOCALIZATION_PREFERS_STRING_CATALOGS = YES;
				MTL_ENABLE_DEBUG_INFO = INCLUDE_SOURCE;
				MTL_FAST_MATH = YES;
				ONLY_ACTIVE_ARCH = YES;
				"OTHER_LDFLAGS[arch=*]" = "-fprofile-instr-generate";
				SDKROOT = iphoneos;
				SWIFT_ACTIVE_COMPILATION_CONDITIONS = "DEBUG $(inherited)";
				SWIFT_OPTIMIZATION_LEVEL = "-Onone";
			};
			name = Debug;
		};
		C28A0BBB2AE5FB0D008258C8 /* Release */ = {
			isa = XCBuildConfiguration;
			buildSettings = {
				ALWAYS_SEARCH_USER_PATHS = NO;
				ASSETCATALOG_COMPILER_GENERATE_SWIFT_ASSET_SYMBOL_EXTENSIONS = YES;
				CLANG_ANALYZER_NONNULL = YES;
				CLANG_ANALYZER_NUMBER_OBJECT_CONVERSION = YES_AGGRESSIVE;
				CLANG_CXX_LANGUAGE_STANDARD = "gnu++20";
				CLANG_ENABLE_MODULES = YES;
				CLANG_ENABLE_OBJC_ARC = YES;
				CLANG_ENABLE_OBJC_WEAK = YES;
				CLANG_WARN_BLOCK_CAPTURE_AUTORELEASING = YES;
				CLANG_WARN_BOOL_CONVERSION = YES;
				CLANG_WARN_COMMA = YES;
				CLANG_WARN_CONSTANT_CONVERSION = YES;
				CLANG_WARN_DEPRECATED_OBJC_IMPLEMENTATIONS = YES;
				CLANG_WARN_DIRECT_OBJC_ISA_USAGE = YES_ERROR;
				CLANG_WARN_DOCUMENTATION_COMMENTS = YES;
				CLANG_WARN_EMPTY_BODY = YES;
				CLANG_WARN_ENUM_CONVERSION = YES;
				CLANG_WARN_INFINITE_RECURSION = YES;
				CLANG_WARN_INT_CONVERSION = YES;
				CLANG_WARN_NON_LITERAL_NULL_CONVERSION = YES;
				CLANG_WARN_OBJC_IMPLICIT_RETAIN_SELF = YES;
				CLANG_WARN_OBJC_LITERAL_CONVERSION = YES;
				CLANG_WARN_OBJC_ROOT_CLASS = YES_ERROR;
				CLANG_WARN_QUOTED_INCLUDE_IN_FRAMEWORK_HEADER = YES;
				CLANG_WARN_RANGE_LOOP_ANALYSIS = YES;
				CLANG_WARN_STRICT_PROTOTYPES = YES;
				CLANG_WARN_SUSPICIOUS_MOVE = YES;
				CLANG_WARN_UNGUARDED_AVAILABILITY = YES_AGGRESSIVE;
				CLANG_WARN_UNREACHABLE_CODE = YES;
				CLANG_WARN__DUPLICATE_METHOD_MATCH = YES;
				CODE_SIGN_IDENTITY = "Apple Development";
				CODE_SIGN_INJECT_BASE_ENTITLEMENTS = NO;
				COPY_PHASE_STRIP = NO;
				DEBUG_INFORMATION_FORMAT = "dwarf-with-dsym";
				ENABLE_NS_ASSERTIONS = NO;
				ENABLE_STRICT_OBJC_MSGSEND = YES;
				ENABLE_USER_SCRIPT_SANDBOXING = YES;
				GCC_C_LANGUAGE_STANDARD = gnu17;
				GCC_NO_COMMON_BLOCKS = YES;
				GCC_WARN_64_TO_32_BIT_CONVERSION = YES;
				GCC_WARN_ABOUT_RETURN_TYPE = YES_ERROR;
				GCC_WARN_UNDECLARED_SELECTOR = YES;
				GCC_WARN_UNINITIALIZED_AUTOS = YES_AGGRESSIVE;
				GCC_WARN_UNUSED_FUNCTION = YES;
				GCC_WARN_UNUSED_VARIABLE = YES;
				IPHONEOS_DEPLOYMENT_TARGET = 16.0;
				LOCALIZATION_PREFERS_STRING_CATALOGS = YES;
				MTL_ENABLE_DEBUG_INFO = NO;
				MTL_FAST_MATH = YES;
				ONLY_ACTIVE_ARCH = YES;
				"OTHER_LDFLAGS[arch=*]" = "-fprofile-instr-generate";
				SDKROOT = iphoneos;
				SWIFT_COMPILATION_MODE = wholemodule;
				VALIDATE_PRODUCT = YES;
			};
			name = Release;
		};
		C28A0BBD2AE5FB0D008258C8 /* Debug */ = {
			isa = XCBuildConfiguration;
			buildSettings = {
				ASSETCATALOG_COMPILER_APPICON_NAME = AppIcon;
				ASSETCATALOG_COMPILER_GLOBAL_ACCENT_COLOR_NAME = AccentColor;
				CODE_SIGN_STYLE = Automatic;
				CURRENT_PROJECT_VERSION = 1;
				DEVELOPMENT_ASSET_PATHS = "\"AssetMgmt/Preview Content\"";
				DEVELOPMENT_TEAM = U6J58C8CJT;
				ENABLE_PREVIEWS = YES;
				GENERATE_INFOPLIST_FILE = YES;
				INFOPLIST_FILE = AssetMgmt/Info.plist;
				INFOPLIST_KEY_LSApplicationCategoryType = "public.app-category.productivity";
				INFOPLIST_KEY_UIApplicationSceneManifest_Generation = YES;
				INFOPLIST_KEY_UIApplicationSupportsIndirectInputEvents = YES;
				INFOPLIST_KEY_UILaunchScreen_Generation = YES;
				INFOPLIST_KEY_UISupportedInterfaceOrientations_iPad = "UIInterfaceOrientationPortrait UIInterfaceOrientationPortraitUpsideDown UIInterfaceOrientationLandscapeLeft UIInterfaceOrientationLandscapeRight";
				INFOPLIST_KEY_UISupportedInterfaceOrientations_iPhone = "UIInterfaceOrientationPortrait UIInterfaceOrientationLandscapeLeft UIInterfaceOrientationLandscapeRight";
				IPHONEOS_DEPLOYMENT_TARGET = 16.0;
				LD_RUNPATH_SEARCH_PATHS = (
					"$(inherited)",
					"@executable_path/Frameworks",
				);
				MARKETING_VERSION = 1.0;
				PRODUCT_BUNDLE_IDENTIFIER = edu.duke.AssetMgmt;
				PRODUCT_NAME = "$(TARGET_NAME)";
				SUPPORTED_PLATFORMS = "iphoneos iphonesimulator";
				SUPPORTS_MACCATALYST = NO;
				SUPPORTS_MAC_DESIGNED_FOR_IPHONE_IPAD = NO;
				SWIFT_EMIT_LOC_STRINGS = YES;
				SWIFT_VERSION = 5.0;
				TARGETED_DEVICE_FAMILY = 1;
			};
			name = Debug;
		};
		C28A0BBE2AE5FB0D008258C8 /* Release */ = {
			isa = XCBuildConfiguration;
			buildSettings = {
				ASSETCATALOG_COMPILER_APPICON_NAME = AppIcon;
				ASSETCATALOG_COMPILER_GLOBAL_ACCENT_COLOR_NAME = AccentColor;
				CODE_SIGN_STYLE = Automatic;
				CURRENT_PROJECT_VERSION = 1;
				DEVELOPMENT_ASSET_PATHS = "\"AssetMgmt/Preview Content\"";
				DEVELOPMENT_TEAM = U6J58C8CJT;
				ENABLE_PREVIEWS = YES;
				GENERATE_INFOPLIST_FILE = YES;
				INFOPLIST_FILE = AssetMgmt/Info.plist;
				INFOPLIST_KEY_LSApplicationCategoryType = "public.app-category.productivity";
				INFOPLIST_KEY_UIApplicationSceneManifest_Generation = YES;
				INFOPLIST_KEY_UIApplicationSupportsIndirectInputEvents = YES;
				INFOPLIST_KEY_UILaunchScreen_Generation = YES;
				INFOPLIST_KEY_UISupportedInterfaceOrientations_iPad = "UIInterfaceOrientationPortrait UIInterfaceOrientationPortraitUpsideDown UIInterfaceOrientationLandscapeLeft UIInterfaceOrientationLandscapeRight";
				INFOPLIST_KEY_UISupportedInterfaceOrientations_iPhone = "UIInterfaceOrientationPortrait UIInterfaceOrientationLandscapeLeft UIInterfaceOrientationLandscapeRight";
				IPHONEOS_DEPLOYMENT_TARGET = 16.0;
				LD_RUNPATH_SEARCH_PATHS = (
					"$(inherited)",
					"@executable_path/Frameworks",
				);
				MARKETING_VERSION = 1.0;
				PRODUCT_BUNDLE_IDENTIFIER = edu.duke.AssetMgmt;
				PRODUCT_NAME = "$(TARGET_NAME)";
				SUPPORTED_PLATFORMS = "iphoneos iphonesimulator";
				SUPPORTS_MACCATALYST = NO;
				SUPPORTS_MAC_DESIGNED_FOR_IPHONE_IPAD = NO;
				SWIFT_EMIT_LOC_STRINGS = YES;
				SWIFT_VERSION = 5.0;
				TARGETED_DEVICE_FAMILY = 1;
			};
			name = Release;
		};
		C28A0BC02AE5FB0D008258C8 /* Debug */ = {
			isa = XCBuildConfiguration;
			buildSettings = {
				ALWAYS_EMBED_SWIFT_STANDARD_LIBRARIES = YES;
				BUNDLE_LOADER = "$(TEST_HOST)";
				CODE_SIGN_STYLE = Automatic;
				CURRENT_PROJECT_VERSION = 1;
				DEVELOPMENT_TEAM = U6J58C8CJT;
				GENERATE_INFOPLIST_FILE = YES;
				IPHONEOS_DEPLOYMENT_TARGET = 16.0;
				MARKETING_VERSION = 1.0;
				PRODUCT_BUNDLE_IDENTIFIER = edu.duke.AssetMgmtTests;
				PRODUCT_NAME = "$(TARGET_NAME)";
				SUPPORTED_PLATFORMS = "iphoneos iphonesimulator";
				SUPPORTS_MACCATALYST = NO;
				SUPPORTS_MAC_DESIGNED_FOR_IPHONE_IPAD = NO;
				SWIFT_EMIT_LOC_STRINGS = NO;
				SWIFT_VERSION = 5.0;
				TARGETED_DEVICE_FAMILY = 1;
				TEST_HOST = "$(BUILT_PRODUCTS_DIR)/AssetMgmt.app/$(BUNDLE_EXECUTABLE_FOLDER_PATH)/AssetMgmt";
			};
			name = Debug;
		};
		C28A0BC12AE5FB0D008258C8 /* Release */ = {
			isa = XCBuildConfiguration;
			buildSettings = {
				ALWAYS_EMBED_SWIFT_STANDARD_LIBRARIES = YES;
				BUNDLE_LOADER = "$(TEST_HOST)";
				CODE_SIGN_STYLE = Automatic;
				CURRENT_PROJECT_VERSION = 1;
				DEVELOPMENT_TEAM = U6J58C8CJT;
				GENERATE_INFOPLIST_FILE = YES;
				IPHONEOS_DEPLOYMENT_TARGET = 16.0;
				MARKETING_VERSION = 1.0;
				PRODUCT_BUNDLE_IDENTIFIER = edu.duke.AssetMgmtTests;
				PRODUCT_NAME = "$(TARGET_NAME)";
				SUPPORTED_PLATFORMS = "iphoneos iphonesimulator";
				SUPPORTS_MACCATALYST = NO;
				SUPPORTS_MAC_DESIGNED_FOR_IPHONE_IPAD = NO;
				SWIFT_EMIT_LOC_STRINGS = NO;
				SWIFT_VERSION = 5.0;
				TARGETED_DEVICE_FAMILY = 1;
				TEST_HOST = "$(BUILT_PRODUCTS_DIR)/AssetMgmt.app/$(BUNDLE_EXECUTABLE_FOLDER_PATH)/AssetMgmt";
			};
			name = Release;
		};
		C28A0BC32AE5FB0D008258C8 /* Debug */ = {
			isa = XCBuildConfiguration;
			buildSettings = {
				ALWAYS_EMBED_SWIFT_STANDARD_LIBRARIES = YES;
				CODE_SIGN_STYLE = Automatic;
				CURRENT_PROJECT_VERSION = 1;
				DEVELOPMENT_TEAM = U6J58C8CJT;
				GENERATE_INFOPLIST_FILE = YES;
				MARKETING_VERSION = 1.0;
				PRODUCT_BUNDLE_IDENTIFIER = edu.duke.AssetMgmtUITests;
				PRODUCT_NAME = "$(TARGET_NAME)";
				SUPPORTED_PLATFORMS = "iphoneos iphonesimulator";
				SUPPORTS_MACCATALYST = NO;
				SUPPORTS_MAC_DESIGNED_FOR_IPHONE_IPAD = NO;
				SWIFT_EMIT_LOC_STRINGS = NO;
				SWIFT_VERSION = 5.0;
				TARGETED_DEVICE_FAMILY = 1;
				TEST_TARGET_NAME = AssetMgmt;
			};
			name = Debug;
		};
		C28A0BC42AE5FB0D008258C8 /* Release */ = {
			isa = XCBuildConfiguration;
			buildSettings = {
				ALWAYS_EMBED_SWIFT_STANDARD_LIBRARIES = YES;
				CODE_SIGN_STYLE = Automatic;
				CURRENT_PROJECT_VERSION = 1;
				DEVELOPMENT_TEAM = U6J58C8CJT;
				GENERATE_INFOPLIST_FILE = YES;
				MARKETING_VERSION = 1.0;
				PRODUCT_BUNDLE_IDENTIFIER = edu.duke.AssetMgmtUITests;
				PRODUCT_NAME = "$(TARGET_NAME)";
				SUPPORTED_PLATFORMS = "iphoneos iphonesimulator";
				SUPPORTS_MACCATALYST = NO;
				SUPPORTS_MAC_DESIGNED_FOR_IPHONE_IPAD = NO;
				SWIFT_EMIT_LOC_STRINGS = NO;
				SWIFT_VERSION = 5.0;
				TARGETED_DEVICE_FAMILY = 1;
				TEST_TARGET_NAME = AssetMgmt;
			};
			name = Release;
		};
/* End XCBuildConfiguration section */

/* Begin XCConfigurationList section */
		C28A0B932AE5FB0C008258C8 /* Build configuration list for PBXProject "AssetMgmt" */ = {
			isa = XCConfigurationList;
			buildConfigurations = (
				C28A0BBA2AE5FB0D008258C8 /* Debug */,
				C28A0BBB2AE5FB0D008258C8 /* Release */,
			);
			defaultConfigurationIsVisible = 0;
			defaultConfigurationName = Release;
		};
		C28A0BBC2AE5FB0D008258C8 /* Build configuration list for PBXNativeTarget "AssetMgmt" */ = {
			isa = XCConfigurationList;
			buildConfigurations = (
				C28A0BBD2AE5FB0D008258C8 /* Debug */,
				C28A0BBE2AE5FB0D008258C8 /* Release */,
			);
			defaultConfigurationIsVisible = 0;
			defaultConfigurationName = Release;
		};
		C28A0BBF2AE5FB0D008258C8 /* Build configuration list for PBXNativeTarget "AssetMgmtTests" */ = {
			isa = XCConfigurationList;
			buildConfigurations = (
				C28A0BC02AE5FB0D008258C8 /* Debug */,
				C28A0BC12AE5FB0D008258C8 /* Release */,
			);
			defaultConfigurationIsVisible = 0;
			defaultConfigurationName = Release;
		};
		C28A0BC22AE5FB0D008258C8 /* Build configuration list for PBXNativeTarget "AssetMgmtUITests" */ = {
			isa = XCConfigurationList;
			buildConfigurations = (
				C28A0BC32AE5FB0D008258C8 /* Debug */,
				C28A0BC42AE5FB0D008258C8 /* Release */,
			);
			defaultConfigurationIsVisible = 0;
			defaultConfigurationName = Release;
		};
/* End XCConfigurationList section */

/* Begin XCRemoteSwiftPackageReference section */
		C2B6526F2AF4405D00E45890 /* XCRemoteSwiftPackageReference "Zip" */ = {
			isa = XCRemoteSwiftPackageReference;
			repositoryURL = "https://github.com/marmelroy/Zip";
			requirement = {
				kind = upToNextMajorVersion;
				minimumVersion = 2.1.2;
			};
		};
		C2B652842AF453DB00E45890 /* XCRemoteSwiftPackageReference "Alamofire" */ = {
			isa = XCRemoteSwiftPackageReference;
			repositoryURL = "https://github.com/Alamofire/Alamofire";
			requirement = {
				kind = upToNextMajorVersion;
				minimumVersion = 5.8.1;
			};
		};
		C2C797482AF18160005D41DE /* XCRemoteSwiftPackageReference "FilePreviews" */ = {
			isa = XCRemoteSwiftPackageReference;
			repositoryURL = "https://github.com/ntsh/FilePreviews";
			requirement = {
				kind = upToNextMajorVersion;
				minimumVersion = 0.2.0;
			};
		};
		C2FB20E42AEEE5BF002B3FCF /* XCRemoteSwiftPackageReference "swift-log" */ = {
			isa = XCRemoteSwiftPackageReference;
			repositoryURL = "https://github.com/apple/swift-log";
			requirement = {
				kind = upToNextMajorVersion;
				minimumVersion = 1.5.3;
			};
		};
/* End XCRemoteSwiftPackageReference section */

/* Begin XCSwiftPackageProductDependency section */
		C2B652702AF4405D00E45890 /* Zip */ = {
			isa = XCSwiftPackageProductDependency;
			package = C2B6526F2AF4405D00E45890 /* XCRemoteSwiftPackageReference "Zip" */;
			productName = Zip;
		};
		C2B652852AF453DB00E45890 /* Alamofire */ = {
			isa = XCSwiftPackageProductDependency;
			package = C2B652842AF453DB00E45890 /* XCRemoteSwiftPackageReference "Alamofire" */;
			productName = Alamofire;
		};
		C2C797492AF18160005D41DE /* FilePreviews */ = {
			isa = XCSwiftPackageProductDependency;
			package = C2C797482AF18160005D41DE /* XCRemoteSwiftPackageReference "FilePreviews" */;
			productName = FilePreviews;
		};
		C2FB20E52AEEE5BF002B3FCF /* Logging */ = {
			isa = XCSwiftPackageProductDependency;
			package = C2FB20E42AEEE5BF002B3FCF /* XCRemoteSwiftPackageReference "swift-log" */;
			productName = Logging;
		};
/* End XCSwiftPackageProductDependency section */
	};
	rootObject = C28A0B902AE5FB0C008258C8 /* Project object */;
}
